github.com/ericlagergren/decimal v0.0.0-20221120152707-495c53812d05 h1:S92OBrGuLLZsyM5ybUzgc/mPjIYk2AZqufieooe98uw=
github.com/ericlagergren/decimal v0.0.0-20221120152707-495c53812d05/go.mod h1:M9R1FoZ3y//hwwnJtO51ypFGwm8ZfpxPT/ZLtO1mcgQ=
github.com/golang-jwt/jwt/v5 v5.2.2 h1:Rl4B7itRWVtYIHFrSNd7vhTiz9UpLdi6gZhZ3wEeDy8=
github.com/golang-jwt/jwt/v5 v5.2.2/go.mod h1:pqrtFR0X4osieyHYxtmOUWsAWrfe1Q5UVIyoH402zdk=
github.com/google/uuid v1.6.0 h1:NIvaJDMOsjHA8n1jAhLSgzrAzy1Hgr+hNrb57e+94F0=
github.com/google/uuid v1.6.0/go.mod h1:TIyPZe4MgqvfeYDBFedMoGGpEw/LqOeaOT+nhxU+yHo=
github.com/spyzhov/ajson v0.8.0 h1:sFXyMbi4Y/BKjrsfkUZHSjA2JM1184enheSjjoT/zCc=
github.com/spyzhov/ajson v0.8.0/go.mod h1:63V+CGM6f1Bu/p4nLIN8885ojBdt88TbLoSFzyqMuVA=
