speakeasyVersion: 1.789.1
sources:
    Gr4vy:
        sourceNamespace: gr-4-vy
        sourceRevisionDigest: sha256:4e0492d35a75974644c880a946749131df09fb30d23270c15ca7a11fedc54306
        sourceBlobDigest: sha256:9dc5203f8085cd3b605313a5d7e93d6a9262a4663273121d27fed764355d4e86
        tags:
            - latest
            - 1.0.0
    openapi:
        sourceNamespace: openapi
        sourceRevisionDigest: sha256:2e23f767b2731b84606a570a9c5dee7866029d5cc499eaf213b43640bea62372
        sourceBlobDigest: sha256:65f681190e931e1a1af4f3300d1b0ae939a27a4aefac6ab6b20cfa529b17ce6b
        tags:
            - latest
            - 1.0.0
targets:
    go:
        source: openapi
        sourceNamespace: openapi
        sourceRevisionDigest: sha256:2e23f767b2731b84606a570a9c5dee7866029d5cc499eaf213b43640bea62372
        sourceBlobDigest: sha256:65f681190e931e1a1af4f3300d1b0ae939a27a4aefac6ab6b20cfa529b17ce6b
        codeSamplesNamespace: openapi-go-code-samples
        codeSamplesRevisionDigest: sha256:10ebec00cbd5f290532bd063dccd35e74de10be054ebf1100aa658208b38faa6
workflow:
    workflowVersion: 1.0.0
    speakeasyVersion: latest
    sources:
        openapi:
            inputs:
                - location: https://gr4vy.github.io/openapi/core/openapi.json
            overlays:
                - location: ./.speakeasy/overlays/servers.yaml
                - location: ./.speakeasy/overlays/security.yaml
                - location: ./.speakeasy/overlays/enums.yaml
                - location: ./.speakeasy/overlays/retries.yaml
                - location: ./.speakeasy/overlays/mid-global.yaml
                - location: ./.speakeasy/overlays/fix-base-model.yaml
                - location: ./.speakeasy/overlays/fix-checkout-session-body.yaml
                - location: ./.speakeasy/overlays/fix-remove-unwanted-headers.yaml
                - location: ./.speakeasy/overlays/fix-add-x-forwarded-for-header.yaml
            registry:
                location: registry.speakeasyapi.dev/gr4vy/gr4vy/openapi
    targets:
        go:
            target: go
            source: openapi
            codeSamples:
                registry:
                    location: registry.speakeasyapi.dev/gr4vy/gr4vy/openapi-go-code-samples
                labelOverride:
                    fixedValue: Go
                blocking: false
