speakeasyVersion: 1.583.1
sources:
    Gr4vy:
        sourceNamespace: gr-4-vy
        sourceRevisionDigest: sha256:4e0492d35a75974644c880a946749131df09fb30d23270c15ca7a11fedc54306
        sourceBlobDigest: sha256:9dc5203f8085cd3b605313a5d7e93d6a9262a4663273121d27fed764355d4e86
        tags:
            - latest
            - 1.0.0
    openapi:
        sourceNamespace: openapi
        sourceRevisionDigest: sha256:06bdbe3fa442247e8223c3376842199b8908b687070f2dfc4d1acb82bf8c45b8
        sourceBlobDigest: sha256:5511b4f93aa6cc2dfb5a0898256ef5a48a96a4370420aa47a515c5797768a916
        tags:
            - latest
            - speakeasy-sdk-regen-1753115140
            - 1.0.0
targets:
    go:
        source: openapi
        sourceNamespace: openapi
        sourceRevisionDigest: sha256:06bdbe3fa442247e8223c3376842199b8908b687070f2dfc4d1acb82bf8c45b8
        sourceBlobDigest: sha256:5511b4f93aa6cc2dfb5a0898256ef5a48a96a4370420aa47a515c5797768a916
        codeSamplesNamespace: openapi-go-code-samples
        codeSamplesRevisionDigest: sha256:85f936770532c4d1901b66f4563b2cdc09ae083e2ea9672340d0cb86a5cd4c25
workflow:
    workflowVersion: 1.0.0
    speakeasyVersion: latest
    sources:
        openapi:
            inputs:
                - location: https://gr4vy.github.io/openapi/core/openapi.json
            overlays:
                - location: ./.speakeasy/overlays/servers.yaml
                - location: ./.speakeasy/overlays/security.yaml
                - location: ./.speakeasy/overlays/enums.yaml
                - location: ./.speakeasy/overlays/retries.yaml
                - location: ./.speakeasy/overlays/mid-global.yaml
                - location: ./.speakeasy/overlays/fix-base-model.yaml
                - location: ./.speakeasy/overlays/fix-checkout-session-body.yaml
                - location: ./.speakeasy/overlays/fix-remove-unwanted-headers.yaml
                - location: ./.speakeasy/overlays/fix-add-x-forwarded-for-header.yaml
            registry:
                location: registry.speakeasyapi.dev/gr4vy/gr4vy/openapi
    targets:
        go:
            target: go
            source: openapi
            codeSamples:
                registry:
                    location: registry.speakeasyapi.dev/gr4vy/gr4vy/openapi-go-code-samples
                labelOverride:
                    fixedValue: Go
                blocking: false
