speakeasyVersion: 1.642.2
sources:
    Gr4vy:
        sourceNamespace: gr-4-vy
        sourceRevisionDigest: sha256:4e0492d35a75974644c880a946749131df09fb30d23270c15ca7a11fedc54306
        sourceBlobDigest: sha256:9dc5203f8085cd3b605313a5d7e93d6a9262a4663273121d27fed764355d4e86
        tags:
            - latest
            - 1.0.0
    openapi:
        sourceNamespace: openapi
        sourceRevisionDigest: sha256:87ce69fd184e33047062c24ded14a3cd01f499b54a6b4a290f478120a8dcee9b
        sourceBlobDigest: sha256:fc3907d80b5bc3a5eefa45585f1b0c80872eddf7d375028d1719d913d62567c5
        tags:
            - latest
            - speakeasy-sdk-regen-1761752455
            - 1.0.0
targets:
    go:
        source: openapi
        sourceNamespace: openapi
        sourceRevisionDigest: sha256:87ce69fd184e33047062c24ded14a3cd01f499b54a6b4a290f478120a8dcee9b
        sourceBlobDigest: sha256:fc3907d80b5bc3a5eefa45585f1b0c80872eddf7d375028d1719d913d62567c5
        codeSamplesNamespace: openapi-go-code-samples
        codeSamplesRevisionDigest: sha256:a9ee32132528d884af40971e294ebe63476dc2a11f5b2e299667f3cf67e47bc9
workflow:
    workflowVersion: 1.0.0
    speakeasyVersion: latest
    sources:
        openapi:
            inputs:
                - location: https://gr4vy.github.io/openapi/core/openapi.json
            overlays:
                - location: ./.speakeasy/overlays/servers.yaml
                - location: ./.speakeasy/overlays/security.yaml
                - location: ./.speakeasy/overlays/enums.yaml
                - location: ./.speakeasy/overlays/retries.yaml
                - location: ./.speakeasy/overlays/mid-global.yaml
                - location: ./.speakeasy/overlays/fix-base-model.yaml
                - location: ./.speakeasy/overlays/fix-checkout-session-body.yaml
                - location: ./.speakeasy/overlays/fix-remove-unwanted-headers.yaml
                - location: ./.speakeasy/overlays/fix-add-x-forwarded-for-header.yaml
            registry:
                location: registry.speakeasyapi.dev/gr4vy/gr4vy/openapi
    targets:
        go:
            target: go
            source: openapi
            codeSamples:
                registry:
                    location: registry.speakeasyapi.dev/gr4vy/gr4vy/openapi-go-code-samples
                labelOverride:
                    fixedValue: Go
                blocking: false
